{
  "name": "ajs-platforms-homework",
  "version": "1.0.0",
  "lockfileVersion": 3,
  "requires": true,
  "packages": {
    "": {
      "name": "ajs-platforms-homework",
      "version": "1.0.0",
      "license": "ISC",
      "dependencies": {
        "@gip16/ajs": "^1.0.0"
      }
    },
    "node_modules/@gip16/ajs": {
      "version": "1.0.0",
      "resolved": "https://npm.pkg.github.com/download/@gip16/ajs/1.0.0/a6c156962f47532b35d845934bf1b1e295604ff8",
      "integrity": "sha512-TKWyOkErMexeVKk1uWrGaI1F9Lai7qeZJrJfOk+e+yMPKStlT6wwh5o0+1OBYzjV9sRiMbyeBkVCtQYDygA1Bg==",
      "license": "ISC"
    }
  }
}
